
Microsoft Visual Studio Solution File, Format Version 12.00
# Visual Studio 15
VisualStudioVersion = 15.0.28307.421
MinimumVisualStudioVersion = 10.0.40219.1
Project("{FAE04EC0-301F-11D3-BF4B-00C04F79EFBC}") = "KakaoVision", "KakaoVision\KakaoVision.csproj", "{1C54223E-5319-4366-A024-310A06F6AE41}"
EndProject
Global
	GlobalSection(SolutionConfigurationPlatforms) = preSolution
		Debug|Any CPU = Debug|Any CPU
		Release|Any CPU = Release|Any CPU
	EndGlobalSection
	GlobalSection(ProjectConfigurationPlatforms) = postSolution
		{1C54223E-5319-4366-A024-310A06F6AE41}.Debug|Any CPU.ActiveCfg = Debug|Any CPU
		{1C54223E-5319-4366-A024-310A06F6AE41}.Debug|Any CPU.Build.0 = Debug|Any CPU
		{1C54223E-5319-4366-A024-310A06F6AE41}.Release|Any CPU.ActiveCfg = Release|Any CPU
		{1C54223E-5319-4366-A024-310A06F6AE41}.Release|Any CPU.Build.0 = Release|Any CPU
	EndGlobalSection
	GlobalSection(SolutionProperties) = preSolution
		HideSolutionNode = FALSE
	EndGlobalSection
	GlobalSection(ExtensibilityGlobals) = postSolution
		SolutionGuid = {354662E2-239E-4D1F-9E4A-820B8897F410}
	EndGlobalSection
EndGlobal
